
Microsoft Visual Studio Solution File, Format Version 12.00
# Visual Studio Version 16
VisualStudioVersion = 16.0.29318.209
MinimumVisualStudioVersion = 10.0.40219.1
Project("{FAE04EC0-301F-11D3-BF4B-00C04F79EFBC}") = "SessionStateExample", "SessionStateExample.csproj", "{44F32686-537B-4F44-A516-B96C06AAD9A6}"
EndProject
Global
	GlobalSection(SolutionConfigurationPlatforms) = preSolution
		Debug|Any CPU = Debug|Any CPU
		Release|Any CPU = Release|Any CPU
	EndGlobalSection
	GlobalSection(ProjectConfigurationPlatforms) = postSolution
		{44F32686-537B-4F44-A516-B96C06AAD9A6}.Debug|Any CPU.ActiveCfg = Debug|Any CPU
		{44F32686-537B-4F44-A516-B96C06AAD9A6}.Debug|Any CPU.Build.0 = Debug|Any CPU
		{44F32686-537B-4F44-A516-B96C06AAD9A6}.Release|Any CPU.ActiveCfg = Release|Any CPU
		{44F32686-537B-4F44-A516-B96C06AAD9A6}.Release|Any CPU.Build.0 = Release|Any CPU
	EndGlobalSection
	GlobalSection(SolutionProperties) = preSolution
		HideSolutionNode = FALSE
	EndGlobalSection
	GlobalSection(ExtensibilityGlobals) = postSolution
		SolutionGuid = {FD836B9A-BF87-44B9-B5C1-2157F4B68621}
	EndGlobalSection
EndGlobal
